
Microsoft Visual Studio Solution File, Format Version 12.00
# Visual Studio Version 17
VisualStudioVersion = 17.3.32922.545
MinimumVisualStudioVersion = 10.0.40219.1
Project("{FAE04EC0-301F-11D3-BF4B-00C04F79EFBC}") = "QRProject.Android", "QRProject\QRProject.Android\QRProject.Android.csproj", "{73C5BD9A-972C-4C6F-A92B-FFC2800E2503}"
EndProject
Project("{FAE04EC0-301F-11D3-BF4B-00C04F79EFBC}") = "QRProject.iOS", "QRProject\QRProject.iOS\QRProject.iOS.csproj", "{90651359-2526-4449-87CC-05FDA418DA16}"
EndProject
Project("{FAE04EC0-301F-11D3-BF4B-00C04F79EFBC}") = "QRProject", "QRProject\QRProject\QRProject.csproj", "{9EC1234D-E3D0-4565-BD81-1AE84D5DC534}"
EndProject
Global
	GlobalSection(SolutionConfigurationPlatforms) = preSolution
		Debug|Any CPU = Debug|Any CPU
		Debug|iPhone = Debug|iPhone
		Debug|iPhoneSimulator = Debug|iPhoneSimulator
		Release|Any CPU = Release|Any CPU
		Release|iPhone = Release|iPhone
		Release|iPhoneSimulator = Release|iPhoneSimulator
	EndGlobalSection
	GlobalSection(ProjectConfigurationPlatforms) = postSolution
		{73C5BD9A-972C-4C6F-A92B-FFC2800E2503}.Debug|Any CPU.ActiveCfg = Debug|Any CPU
		{73C5BD9A-972C-4C6F-A92B-FFC2800E2503}.Debug|Any CPU.Build.0 = Debug|Any CPU
		{73C5BD9A-972C-4C6F-A92B-FFC2800E2503}.Debug|Any CPU.Deploy.0 = Debug|Any CPU
		{73C5BD9A-972C-4C6F-A92B-FFC2800E2503}.Debug|iPhone.ActiveCfg = Debug|Any CPU
		{73C5BD9A-972C-4C6F-A92B-FFC2800E2503}.Debug|iPhone.Build.0 = Debug|Any CPU
		{73C5BD9A-972C-4C6F-A92B-FFC2800E2503}.Debug|iPhone.Deploy.0 = Debug|Any CPU
		{73C5BD9A-972C-4C6F-A92B-FFC2800E2503}.Debug|iPhoneSimulator.ActiveCfg = Debug|Any CPU
		{73C5BD9A-972C-4C6F-A92B-FFC2800E2503}.Debug|iPhoneSimulator.Build.0 = Debug|Any CPU
		{73C5BD9A-972C-4C6F-A92B-FFC2800E2503}.Debug|iPhoneSimulator.Deploy.0 = Debug|Any CPU
		{73C5BD9A-972C-4C6F-A92B-FFC2800E2503}.Release|Any CPU.ActiveCfg = Release|Any CPU
		{73C5BD9A-972C-4C6F-A92B-FFC2800E2503}.Release|Any CPU.Build.0 = Release|Any CPU
		{73C5BD9A-972C-4C6F-A92B-FFC2800E2503}.Release|Any CPU.Deploy.0 = Release|Any CPU
		{73C5BD9A-972C-4C6F-A92B-FFC2800E2503}.Release|iPhone.ActiveCfg = Release|Any CPU
		{73C5BD9A-972C-4C6F-A92B-FFC2800E2503}.Release|iPhone.Build.0 = Release|Any CPU
		{73C5BD9A-972C-4C6F-A92B-FFC2800E2503}.Release|iPhone.Deploy.0 = Release|Any CPU
		{73C5BD9A-972C-4C6F-A92B-FFC2800E2503}.Release|iPhoneSimulator.ActiveCfg = Release|Any CPU
		{73C5BD9A-972C-4C6F-A92B-FFC2800E2503}.Release|iPhoneSimulator.Build.0 = Release|Any CPU
		{73C5BD9A-972C-4C6F-A92B-FFC2800E2503}.Release|iPhoneSimulator.Deploy.0 = Release|Any CPU
		{90651359-2526-4449-87CC-05FDA418DA16}.Debug|Any CPU.ActiveCfg = Debug|iPhone
		{90651359-2526-4449-87CC-05FDA418DA16}.Debug|Any CPU.Build.0 = Debug|iPhone
		{90651359-2526-4449-87CC-05FDA418DA16}.Debug|Any CPU.Deploy.0 = Debug|iPhone
		{90651359-2526-4449-87CC-05FDA418DA16}.Debug|iPhone.ActiveCfg = Debug|iPhone
		{90651359-2526-4449-87CC-05FDA418DA16}.Debug|iPhone.Build.0 = Debug|iPhone
		{90651359-2526-4449-87CC-05FDA418DA16}.Debug|iPhone.Deploy.0 = Debug|iPhone
		{90651359-2526-4449-87CC-05FDA418DA16}.Debug|iPhoneSimulator.ActiveCfg = Debug|iPhoneSimulator
		{90651359-2526-4449-87CC-05FDA418DA16}.Debug|iPhoneSimulator.Build.0 = Debug|iPhoneSimulator
		{90651359-2526-4449-87CC-05FDA418DA16}.Debug|iPhoneSimulator.Deploy.0 = Debug|iPhoneSimulator
		{90651359-2526-4449-87CC-05FDA418DA16}.Release|Any CPU.ActiveCfg = Release|iPhoneSimulator
		{90651359-2526-4449-87CC-05FDA418DA16}.Release|Any CPU.Build.0 = Release|iPhoneSimulator
		{90651359-2526-4449-87CC-05FDA418DA16}.Release|Any CPU.Deploy.0 = Release|iPhoneSimulator
		{90651359-2526-4449-87CC-05FDA418DA16}.Release|iPhone.ActiveCfg = Release|iPhone
		{90651359-2526-4449-87CC-05FDA418DA16}.Release|iPhone.Build.0 = Release|iPhone
		{90651359-2526-4449-87CC-05FDA418DA16}.Release|iPhone.Deploy.0 = Release|iPhone
		{90651359-2526-4449-87CC-05FDA418DA16}.Release|iPhoneSimulator.ActiveCfg = Release|iPhoneSimulator
		{90651359-2526-4449-87CC-05FDA418DA16}.Release|iPhoneSimulator.Build.0 = Release|iPhoneSimulator
		{90651359-2526-4449-87CC-05FDA418DA16}.Release|iPhoneSimulator.Deploy.0 = Release|iPhoneSimulator
		{9EC1234D-E3D0-4565-BD81-1AE84D5DC534}.Debug|Any CPU.ActiveCfg = Debug|Any CPU
		{9EC1234D-E3D0-4565-BD81-1AE84D5DC534}.Debug|Any CPU.Build.0 = Debug|Any CPU
		{9EC1234D-E3D0-4565-BD81-1AE84D5DC534}.Debug|Any CPU.Deploy.0 = Debug|Any CPU
		{9EC1234D-E3D0-4565-BD81-1AE84D5DC534}.Debug|iPhone.ActiveCfg = Debug|Any CPU
		{9EC1234D-E3D0-4565-BD81-1AE84D5DC534}.Debug|iPhone.Build.0 = Debug|Any CPU
		{9EC1234D-E3D0-4565-BD81-1AE84D5DC534}.Debug|iPhone.Deploy.0 = Debug|Any CPU
		{9EC1234D-E3D0-4565-BD81-1AE84D5DC534}.Debug|iPhoneSimulator.ActiveCfg = Debug|Any CPU
		{9EC1234D-E3D0-4565-BD81-1AE84D5DC534}.Debug|iPhoneSimulator.Build.0 = Debug|Any CPU
		{9EC1234D-E3D0-4565-BD81-1AE84D5DC534}.Debug|iPhoneSimulator.Deploy.0 = Debug|Any CPU
		{9EC1234D-E3D0-4565-BD81-1AE84D5DC534}.Release|Any CPU.ActiveCfg = Release|Any CPU
		{9EC1234D-E3D0-4565-BD81-1AE84D5DC534}.Release|Any CPU.Build.0 = Release|Any CPU
		{9EC1234D-E3D0-4565-BD81-1AE84D5DC534}.Release|Any CPU.Deploy.0 = Release|Any CPU
		{9EC1234D-E3D0-4565-BD81-1AE84D5DC534}.Release|iPhone.ActiveCfg = Release|Any CPU
		{9EC1234D-E3D0-4565-BD81-1AE84D5DC534}.Release|iPhone.Build.0 = Release|Any CPU
		{9EC1234D-E3D0-4565-BD81-1AE84D5DC534}.Release|iPhone.Deploy.0 = Release|Any CPU
		{9EC1234D-E3D0-4565-BD81-1AE84D5DC534}.Release|iPhoneSimulator.ActiveCfg = Release|Any CPU
		{9EC1234D-E3D0-4565-BD81-1AE84D5DC534}.Release|iPhoneSimulator.Build.0 = Release|Any CPU
		{9EC1234D-E3D0-4565-BD81-1AE84D5DC534}.Release|iPhoneSimulator.Deploy.0 = Release|Any CPU
	EndGlobalSection
	GlobalSection(SolutionProperties) = preSolution
		HideSolutionNode = FALSE
	EndGlobalSection
	GlobalSection(ExtensibilityGlobals) = postSolution
		SolutionGuid = {9DFA29EF-C7A8-4294-B524-EBB92DDD4191}
	EndGlobalSection
EndGlobal
